
Microsoft Visual Studio Solution File, Format Version 12.00
# Visual Studio Version 16
VisualStudioVersion = 16.0.36128.20
MinimumVisualStudioVersion = 10.0.40219.1
Project("{FAE04EC0-301F-11D3-BF4B-00C04F79EFBC}") = "Assignment1", "Assignment1\Assignment1.csproj", "{ED2C4F70-4772-45C4-A486-D659057DE32D}"
EndProject
Global
	GlobalSection(SolutionConfigurationPlatforms) = preSolution
		Debug|Any CPU = Debug|Any CPU
		Release|Any CPU = Release|Any CPU
	EndGlobalSection
	GlobalSection(ProjectConfigurationPlatforms) = postSolution
		{ED2C4F70-4772-45C4-A486-D659057DE32D}.Debug|Any CPU.ActiveCfg = Debug|Any CPU
		{ED2C4F70-4772-45C4-A486-D659057DE32D}.Debug|Any CPU.Build.0 = Debug|Any CPU
		{ED2C4F70-4772-45C4-A486-D659057DE32D}.Release|Any CPU.ActiveCfg = Release|Any CPU
		{ED2C4F70-4772-45C4-A486-D659057DE32D}.Release|Any CPU.Build.0 = Release|Any CPU
	EndGlobalSection
	GlobalSection(SolutionProperties) = preSolution
		HideSolutionNode = FALSE
	EndGlobalSection
	GlobalSection(ExtensibilityGlobals) = postSolution
		SolutionGuid = {5A468CC3-0968-4169-B652-5E5EC300D205}
	EndGlobalSection
EndGlobal
