
Microsoft Visual Studio Solution File, Format Version 12.00
# Visual Studio Version 16
VisualStudioVersion = 16.0.36227.6
MinimumVisualStudioVersion = 10.0.40219.1
Project("{FAE04EC0-301F-11D3-BF4B-00C04F79EFBC}") = "To-do-list", "To-do-list\To-do-list.csproj", "{49C60B5A-1A8D-4249-A589-31A9526BC4DE}"
EndProject
Global
	GlobalSection(SolutionConfigurationPlatforms) = preSolution
		Debug|Any CPU = Debug|Any CPU
		Release|Any CPU = Release|Any CPU
	EndGlobalSection
	GlobalSection(ProjectConfigurationPlatforms) = postSolution
		{49C60B5A-1A8D-4249-A589-31A9526BC4DE}.Debug|Any CPU.ActiveCfg = Debug|Any CPU
		{49C60B5A-1A8D-4249-A589-31A9526BC4DE}.Debug|Any CPU.Build.0 = Debug|Any CPU
		{49C60B5A-1A8D-4249-A589-31A9526BC4DE}.Release|Any CPU.ActiveCfg = Release|Any CPU
		{49C60B5A-1A8D-4249-A589-31A9526BC4DE}.Release|Any CPU.Build.0 = Release|Any CPU
	EndGlobalSection
	GlobalSection(SolutionProperties) = preSolution
		HideSolutionNode = FALSE
	EndGlobalSection
	GlobalSection(ExtensibilityGlobals) = postSolution
		SolutionGuid = {E2870315-ECBB-4D54-B536-B6B4A641322C}
	EndGlobalSection
EndGlobal
