
Microsoft Visual Studio Solution File, Format Version 12.00
# Visual Studio Version 16
VisualStudioVersion = 16.0.36128.20
MinimumVisualStudioVersion = 10.0.40219.1
Project("{FAE04EC0-301F-11D3-BF4B-00C04F79EFBC}") = "CodingChallenge1", "CodingChallenge1\CodingChallenge1.csproj", "{E8C05EA6-FF67-4816-9B1A-D4F55516421A}"
EndProject
Global
	GlobalSection(SolutionConfigurationPlatforms) = preSolution
		Debug|Any CPU = Debug|Any CPU
		Release|Any CPU = Release|Any CPU
	EndGlobalSection
	GlobalSection(ProjectConfigurationPlatforms) = postSolution
		{E8C05EA6-FF67-4816-9B1A-D4F55516421A}.Debug|Any CPU.ActiveCfg = Debug|Any CPU
		{E8C05EA6-FF67-4816-9B1A-D4F55516421A}.Debug|Any CPU.Build.0 = Debug|Any CPU
		{E8C05EA6-FF67-4816-9B1A-D4F55516421A}.Release|Any CPU.ActiveCfg = Release|Any CPU
		{E8C05EA6-FF67-4816-9B1A-D4F55516421A}.Release|Any CPU.Build.0 = Release|Any CPU
	EndGlobalSection
	GlobalSection(SolutionProperties) = preSolution
		HideSolutionNode = FALSE
	EndGlobalSection
	GlobalSection(ExtensibilityGlobals) = postSolution
		SolutionGuid = {C440E857-1BB9-4AC5-80C6-4A670493E82C}
	EndGlobalSection
EndGlobal
